
Microsoft Visual Studio Solution File, Format Version 12.00
# Visual Studio Version 17
VisualStudioVersion = 17.7.34031.279
MinimumVisualStudioVersion = 10.0.40219.1
Project("{9A19103F-16F7-4668-BE54-9A1E7A4F7556}") = "ITDK_react", "ITDK_react\ITDK_react.csproj", "{25CCE562-3310-4A2F-907F-FD3EC624E41D}"
EndProject
Project("{FAE04EC0-301F-11D3-BF4B-00C04F79EFBC}") = "ITDK_angular", "ITDK_angular\ITDK_angular.csproj", "{AE97E5F2-769D-4879-BE50-41E05C3CF842}"
EndProject
Project("{9A19103F-16F7-4668-BE54-9A1E7A4F7556}") = "ITDK_blazor", "ITDK_blazor\ITDK_blazor.csproj", "{7477A244-5DFD-4F32-BE5D-C598F1615855}"
EndProject
Global
	GlobalSection(SolutionConfigurationPlatforms) = preSolution
		Debug|Any CPU = Debug|Any CPU
		Release|Any CPU = Release|Any CPU
	EndGlobalSection
	GlobalSection(ProjectConfigurationPlatforms) = postSolution
		{25CCE562-3310-4A2F-907F-FD3EC624E41D}.Debug|Any CPU.ActiveCfg = Debug|Any CPU
		{25CCE562-3310-4A2F-907F-FD3EC624E41D}.Debug|Any CPU.Build.0 = Debug|Any CPU
		{25CCE562-3310-4A2F-907F-FD3EC624E41D}.Release|Any CPU.ActiveCfg = Release|Any CPU
		{25CCE562-3310-4A2F-907F-FD3EC624E41D}.Release|Any CPU.Build.0 = Release|Any CPU
		{AE97E5F2-769D-4879-BE50-41E05C3CF842}.Debug|Any CPU.ActiveCfg = Debug|Any CPU
		{AE97E5F2-769D-4879-BE50-41E05C3CF842}.Debug|Any CPU.Build.0 = Debug|Any CPU
		{AE97E5F2-769D-4879-BE50-41E05C3CF842}.Release|Any CPU.ActiveCfg = Release|Any CPU
		{AE97E5F2-769D-4879-BE50-41E05C3CF842}.Release|Any CPU.Build.0 = Release|Any CPU
		{7477A244-5DFD-4F32-BE5D-C598F1615855}.Debug|Any CPU.ActiveCfg = Debug|Any CPU
		{7477A244-5DFD-4F32-BE5D-C598F1615855}.Debug|Any CPU.Build.0 = Debug|Any CPU
		{7477A244-5DFD-4F32-BE5D-C598F1615855}.Release|Any CPU.ActiveCfg = Release|Any CPU
		{7477A244-5DFD-4F32-BE5D-C598F1615855}.Release|Any CPU.Build.0 = Release|Any CPU
	EndGlobalSection
	GlobalSection(SolutionProperties) = preSolution
		HideSolutionNode = FALSE
	EndGlobalSection
	GlobalSection(ExtensibilityGlobals) = postSolution
		SolutionGuid = {C3F9E736-4CEC-4CC1-B92E-38F411FED634}
	EndGlobalSection
EndGlobal
