
Microsoft Visual Studio Solution File, Format Version 12.00
# Visual Studio Version 17
VisualStudioVersion = 17.7.34031.279
MinimumVisualStudioVersion = 10.0.40219.1
Project("{FAE04EC0-301F-11D3-BF4B-00C04F79EFBC}") = "ITDK_blazor", "ITDK_blazor\ITDK_blazor.csproj", "{DBD8192D-B3B9-475D-ADAF-4C167705C5F0}"
EndProject
Global
	GlobalSection(SolutionConfigurationPlatforms) = preSolution
		Debug|Any CPU = Debug|Any CPU
		Release|Any CPU = Release|Any CPU
	EndGlobalSection
	GlobalSection(ProjectConfigurationPlatforms) = postSolution
		{DBD8192D-B3B9-475D-ADAF-4C167705C5F0}.Debug|Any CPU.ActiveCfg = Debug|Any CPU
		{DBD8192D-B3B9-475D-ADAF-4C167705C5F0}.Debug|Any CPU.Build.0 = Debug|Any CPU
		{DBD8192D-B3B9-475D-ADAF-4C167705C5F0}.Release|Any CPU.ActiveCfg = Release|Any CPU
		{DBD8192D-B3B9-475D-ADAF-4C167705C5F0}.Release|Any CPU.Build.0 = Release|Any CPU
	EndGlobalSection
	GlobalSection(SolutionProperties) = preSolution
		HideSolutionNode = FALSE
	EndGlobalSection
	GlobalSection(ExtensibilityGlobals) = postSolution
		SolutionGuid = {96AC4334-AECE-4E45-BA38-C24F789686C6}
	EndGlobalSection
EndGlobal
